
Microsoft Visual Studio Solution File, Format Version 12.00
# Visual Studio Version 17
VisualStudioVersion = 17.3.32929.385
MinimumVisualStudioVersion = 10.0.40219.1
Project("{FAE04EC0-301F-11D3-BF4B-00C04F79EFBC}") = "PracticeProject", "PracticeProject\PracticeProject.csproj", "{EAF0B249-7019-4049-B975-FEBA92C0C145}"
EndProject
Global
	GlobalSection(SolutionConfigurationPlatforms) = preSolution
		Debug|Any CPU = Debug|Any CPU
		Release|Any CPU = Release|Any CPU
	EndGlobalSection
	GlobalSection(ProjectConfigurationPlatforms) = postSolution
		{EAF0B249-7019-4049-B975-FEBA92C0C145}.Debug|Any CPU.ActiveCfg = Debug|Any CPU
		{EAF0B249-7019-4049-B975-FEBA92C0C145}.Debug|Any CPU.Build.0 = Debug|Any CPU
		{EAF0B249-7019-4049-B975-FEBA92C0C145}.Release|Any CPU.ActiveCfg = Release|Any CPU
		{EAF0B249-7019-4049-B975-FEBA92C0C145}.Release|Any CPU.Build.0 = Release|Any CPU
	EndGlobalSection
	GlobalSection(SolutionProperties) = preSolution
		HideSolutionNode = FALSE
	EndGlobalSection
	GlobalSection(ExtensibilityGlobals) = postSolution
		SolutionGuid = {8DA80DD8-3E8F-4138-A6AB-A79109E759E3}
	EndGlobalSection
EndGlobal
